
Microsoft Visual Studio Solution File, Format Version 12.00
Project("{FAE04EC0-301F-11D3-BF4B-00C04F79EFBC}") = "ScriptCaster.app", "ScriptCaster.app\ScriptCaster.app.csproj", "{20B573BB-E85C-4AFC-933F-9DCCD7CADDD9}"
EndProject
Project("{FAE04EC0-301F-11D3-BF4B-00C04F79EFBC}") = "ScriptCaster.services", "ScriptCaster.services\ScriptCaster.services.csproj", "{E10D8E4B-5045-4027-8C88-5E2D15BF7F18}"
EndProject
Project("{2150E333-8FDC-42A3-9474-1A3956D46DE8}") = "SolutionFiles", "SolutionFiles", "{0DE77440-061E-45C4-A980-D9D9CEF09753}"
	ProjectSection(SolutionItems) = preProject
		ScriptCaster.sln = ScriptCaster.sln
		global.json = global.json
		README.md = README.md
		LICENSE = LICENSE
		.gitignore = .gitignore
		.editorconfig = .editorconfig
	EndProjectSection
EndProject
Global
	GlobalSection(SolutionConfigurationPlatforms) = preSolution
		Debug|Any CPU = Debug|Any CPU
		Release|Any CPU = Release|Any CPU
	EndGlobalSection
	GlobalSection(ProjectConfigurationPlatforms) = postSolution
		{20B573BB-E85C-4AFC-933F-9DCCD7CADDD9}.Debug|Any CPU.ActiveCfg = Debug|Any CPU
		{20B573BB-E85C-4AFC-933F-9DCCD7CADDD9}.Debug|Any CPU.Build.0 = Debug|Any CPU
		{20B573BB-E85C-4AFC-933F-9DCCD7CADDD9}.Release|Any CPU.ActiveCfg = Release|Any CPU
		{20B573BB-E85C-4AFC-933F-9DCCD7CADDD9}.Release|Any CPU.Build.0 = Release|Any CPU
		{E10D8E4B-5045-4027-8C88-5E2D15BF7F18}.Debug|Any CPU.ActiveCfg = Debug|Any CPU
		{E10D8E4B-5045-4027-8C88-5E2D15BF7F18}.Debug|Any CPU.Build.0 = Debug|Any CPU
		{E10D8E4B-5045-4027-8C88-5E2D15BF7F18}.Release|Any CPU.ActiveCfg = Release|Any CPU
		{E10D8E4B-5045-4027-8C88-5E2D15BF7F18}.Release|Any CPU.Build.0 = Release|Any CPU
	EndGlobalSection
EndGlobal
